
Microsoft Visual Studio Solution File, Format Version 12.00
# Visual Studio Version 16
VisualStudioVersion = 16.0.31624.102
MinimumVisualStudioVersion = 10.0.40219.1
Project("{FAE04EC0-301F-11D3-BF4B-00C04F79EFBC}") = "Day2", "Day2\Day2.csproj", "{D81BA56C-EF61-4A87-A4A5-E77CD5BA469B}"
EndProject
Global
	GlobalSection(SolutionConfigurationPlatforms) = preSolution
		Debug|Any CPU = Debug|Any CPU
		Release|Any CPU = Release|Any CPU
	EndGlobalSection
	GlobalSection(ProjectConfigurationPlatforms) = postSolution
		{D81BA56C-EF61-4A87-A4A5-E77CD5BA469B}.Debug|Any CPU.ActiveCfg = Debug|Any CPU
		{D81BA56C-EF61-4A87-A4A5-E77CD5BA469B}.Debug|Any CPU.Build.0 = Debug|Any CPU
		{D81BA56C-EF61-4A87-A4A5-E77CD5BA469B}.Release|Any CPU.ActiveCfg = Release|Any CPU
		{D81BA56C-EF61-4A87-A4A5-E77CD5BA469B}.Release|Any CPU.Build.0 = Release|Any CPU
	EndGlobalSection
	GlobalSection(SolutionProperties) = preSolution
		HideSolutionNode = FALSE
	EndGlobalSection
	GlobalSection(ExtensibilityGlobals) = postSolution
		SolutionGuid = {88743909-20CA-4CDA-A8B0-B4FE0FFFC9A6}
	EndGlobalSection
EndGlobal
